// !$*UTF8*$!
{
	archiveVersion = 1;
	classes = {
	};
	objectVersion = 48;
	objects = {

/* Begin PBXBuildFile section */
		78A5569F5C349DE9F6CEBFBA /* Pods_PropertyFinderTests.framework in Frameworks */ = {isa = PBXBuildFile; fileRef = 1D6E455483AB955B78F4BA56 /* Pods_PropertyFinderTests.framework */; };
		9615768FC59FDC363FFA4362 /* Pods_PropertyFinder.framework in Frameworks */ = {isa = PBXBuildFile; fileRef = A12B47253CA7EC5743386F16 /* Pods_PropertyFinder.framework */; };
		B00B06FC1F9FB0F9004B8E37 /* Price+Parsing.swift in Sources */ = {isa = PBXBuildFile; fileRef = B00B06FB1F9FB0F9004B8E37 /* Price+Parsing.swift */; };
		B02A325A1F9FA4A600FD37D3 /* SearchResponse+Parsing.swift in Sources */ = {isa = PBXBuildFile; fileRef = B02A32591F9FA4A600FD37D3 /* SearchResponse+Parsing.swift */; };
		B045AA911F9F8768005D8DA8 /* AppDelegate.swift in Sources */ = {isa = PBXBuildFile; fileRef = B045AA901F9F8768005D8DA8 /* AppDelegate.swift */; };
		B045AA961F9F8768005D8DA8 /* Main.storyboard in Resources */ = {isa = PBXBuildFile; fileRef = B045AA941F9F8768005D8DA8 /* Main.storyboard */; };
		B045AA981F9F8768005D8DA8 /* Assets.xcassets in Resources */ = {isa = PBXBuildFile; fileRef = B045AA971F9F8768005D8DA8 /* Assets.xcassets */; };
		B045AA9B1F9F8768005D8DA8 /* LaunchScreen.storyboard in Resources */ = {isa = PBXBuildFile; fileRef = B045AA991F9F8768005D8DA8 /* LaunchScreen.storyboard */; };
		B045AAA61F9F8769005D8DA8 /* PropertyFinderTests.swift in Sources */ = {isa = PBXBuildFile; fileRef = B045AAA51F9F8769005D8DA8 /* PropertyFinderTests.swift */; };
		B045AAC31F9F88AB005D8DA8 /* EnumCollection.swift in Sources */ = {isa = PBXBuildFile; fileRef = B045AAC21F9F88AA005D8DA8 /* EnumCollection.swift */; };
		B045AACB1F9F8A96005D8DA8 /* Property.swift in Sources */ = {isa = PBXBuildFile; fileRef = B045AACA1F9F8A96005D8DA8 /* Property.swift */; };
		B045AACE1F9F8ACF005D8DA8 /* Identifier.swift in Sources */ = {isa = PBXBuildFile; fileRef = B045AACD1F9F8ACF005D8DA8 /* Identifier.swift */; };
		B045AAD01F9F8C00005D8DA8 /* Email.swift in Sources */ = {isa = PBXBuildFile; fileRef = B045AACF1F9F8C00005D8DA8 /* Email.swift */; };
		B045AAD21F9F8C1C005D8DA8 /* Currency.swift in Sources */ = {isa = PBXBuildFile; fileRef = B045AAD11F9F8C1C005D8DA8 /* Currency.swift */; };
		B045AAD41F9F8C2A005D8DA8 /* Price.swift in Sources */ = {isa = PBXBuildFile; fileRef = B045AAD31F9F8C2A005D8DA8 /* Price.swift */; };
		B045AAD61F9F8C3B005D8DA8 /* Broker.swift in Sources */ = {isa = PBXBuildFile; fileRef = B045AAD51F9F8C3B005D8DA8 /* Broker.swift */; };
		B045AAD81F9F8C72005D8DA8 /* Amenities.swift in Sources */ = {isa = PBXBuildFile; fileRef = B045AAD71F9F8C72005D8DA8 /* Amenities.swift */; };
		B045AADA1F9F8E88005D8DA8 /* Location.swift in Sources */ = {isa = PBXBuildFile; fileRef = B045AAD91F9F8E88005D8DA8 /* Location.swift */; };
		B05DFA931F9FD0C200CDC704 /* URL+App.swift in Sources */ = {isa = PBXBuildFile; fileRef = B05DFA921F9FD0C200CDC704 /* URL+App.swift */; };
		B05DFA951F9FD4F600CDC704 /* Property+Parsing.swift in Sources */ = {isa = PBXBuildFile; fileRef = B05DFA941F9FD4F600CDC704 /* Property+Parsing.swift */; };
		B060FBC21F9FB6AB0085570B /* DisplaySearchResultsBehavior.swift in Sources */ = {isa = PBXBuildFile; fileRef = B060FBC11F9FB6AB0085570B /* DisplaySearchResultsBehavior.swift */; };
		B087534E1FA1E0C80018802B /* EmptyStateBehaviorDataSource.swift in Sources */ = {isa = PBXBuildFile; fileRef = B087534D1FA1E0C80018802B /* EmptyStateBehaviorDataSource.swift */; };
		B09B23ED1F9F90CC003A7053 /* Agent.swift in Sources */ = {isa = PBXBuildFile; fileRef = B09B23EC1F9F90CC003A7053 /* Agent.swift */; };
		B09B23F81F9F94D3003A7053 /* Agent+Parsing.swift in Sources */ = {isa = PBXBuildFile; fileRef = B09B23F71F9F94D3003A7053 /* Agent+Parsing.swift */; };
		B09B23FD1F9F9885003A7053 /* JSONResponseKeys.swift in Sources */ = {isa = PBXBuildFile; fileRef = B09B23FC1F9F9885003A7053 /* JSONResponseKeys.swift */; };
		B09B23FF1F9F99D0003A7053 /* Broker+Parsing.swift in Sources */ = {isa = PBXBuildFile; fileRef = B09B23FE1F9F99D0003A7053 /* Broker+Parsing.swift */; };
		B09B24011F9F9AB4003A7053 /* Location+Parsing.swift in Sources */ = {isa = PBXBuildFile; fileRef = B09B24001F9F9AB4003A7053 /* Location+Parsing.swift */; };
		B09B24041F9F9FBD003A7053 /* SortParameters.swift in Sources */ = {isa = PBXBuildFile; fileRef = B09B24031F9F9FBD003A7053 /* SortParameters.swift */; };
		B09B24061F9FA186003A7053 /* SearchResponse.swift in Sources */ = {isa = PBXBuildFile; fileRef = B09B24051F9FA186003A7053 /* SearchResponse.swift */; };
		B0C0E95B1FA5F9D50048D43E /* SearchingTableViewCell.swift in Sources */ = {isa = PBXBuildFile; fileRef = B0C0E95A1FA5F9D50048D43E /* SearchingTableViewCell.swift */; };
		B0C0E95D1FA61F9C0048D43E /* UITableView+SelfSizing.swift in Sources */ = {isa = PBXBuildFile; fileRef = B0C0E95C1FA61F9C0048D43E /* UITableView+SelfSizing.swift */; };
		B0D81E551FA0EBC50099DC4F /* SearchBehaviorDataSource.swift in Sources */ = {isa = PBXBuildFile; fileRef = B0D81E541FA0EBC50099DC4F /* SearchBehaviorDataSource.swift */; };
		B0D81E571FA109700099DC4F /* PropertyTableViewCell.swift in Sources */ = {isa = PBXBuildFile; fileRef = B0D81E561FA109700099DC4F /* PropertyTableViewCell.swift */; };
		B0D81E5D1FA109BE0099DC4F /* ReusableView.swift in Sources */ = {isa = PBXBuildFile; fileRef = B0D81E5C1FA109BE0099DC4F /* ReusableView.swift */; };
		B0D81E5F1FA109FA0099DC4F /* PropertyViewModel.swift in Sources */ = {isa = PBXBuildFile; fileRef = B0D81E5E1FA109FA0099DC4F /* PropertyViewModel.swift */; };
		B0D81E651FA121900099DC4F /* UIImageView+Alamofire.swift in Sources */ = {isa = PBXBuildFile; fileRef = B0D81E641FA121900099DC4F /* UIImageView+Alamofire.swift */; };
		B0DCFBA51FA0884C00AE12C1 /* SortParameters+ViewModel.swift in Sources */ = {isa = PBXBuildFile; fileRef = B0DCFBA41FA0884C00AE12C1 /* SortParameters+ViewModel.swift */; };
/* End PBXBuildFile section */

/* Begin PBXContainerItemProxy section */
		B045AAA21F9F8769005D8DA8 /* PBXContainerItemProxy */ = {
			isa = PBXContainerItemProxy;
			containerPortal = B045AA851F9F8768005D8DA8 /* Project object */;
			proxyType = 1;
			remoteGlobalIDString = B045AA8C1F9F8768005D8DA8;
			remoteInfo = PropertyFinder;
		};
/* End PBXContainerItemProxy section */

/* Begin PBXFileReference section */
		1D6E455483AB955B78F4BA56 /* Pods_PropertyFinderTests.framework */ = {isa = PBXFileReference; explicitFileType = wrapper.framework; includeInIndex = 0; path = Pods_PropertyFinderTests.framework; sourceTree = BUILT_PRODUCTS_DIR; };
		9D9FF243BC27C7A35A976754 /* Pods-PropertyFinderTests.debug.xcconfig */ = {isa = PBXFileReference; includeInIndex = 1; lastKnownFileType = text.xcconfig; name = "Pods-PropertyFinderTests.debug.xcconfig"; path = "Pods/Target Support Files/Pods-PropertyFinderTests/Pods-PropertyFinderTests.debug.xcconfig"; sourceTree = "<group>"; };
		A12B47253CA7EC5743386F16 /* Pods_PropertyFinder.framework */ = {isa = PBXFileReference; explicitFileType = wrapper.framework; includeInIndex = 0; path = Pods_PropertyFinder.framework; sourceTree = BUILT_PRODUCTS_DIR; };
		A6808941DBB9E321AB0707FF /* Pods-PropertyFinder.debug.xcconfig */ = {isa = PBXFileReference; includeInIndex = 1; lastKnownFileType = text.xcconfig; name = "Pods-PropertyFinder.debug.xcconfig"; path = "Pods/Target Support Files/Pods-PropertyFinder/Pods-PropertyFinder.debug.xcconfig"; sourceTree = "<group>"; };
		B00B06FB1F9FB0F9004B8E37 /* Price+Parsing.swift */ = {isa = PBXFileReference; lastKnownFileType = sourcecode.swift; path = "Price+Parsing.swift"; sourceTree = "<group>"; };
		B02A32591F9FA4A600FD37D3 /* SearchResponse+Parsing.swift */ = {isa = PBXFileReference; lastKnownFileType = sourcecode.swift; path = "SearchResponse+Parsing.swift"; sourceTree = "<group>"; };
		B045AA8D1F9F8768005D8DA8 /* PropertyFinder.app */ = {isa = PBXFileReference; explicitFileType = wrapper.application; includeInIndex = 0; path = PropertyFinder.app; sourceTree = BUILT_PRODUCTS_DIR; };
		B045AA901F9F8768005D8DA8 /* AppDelegate.swift */ = {isa = PBXFileReference; lastKnownFileType = sourcecode.swift; path = AppDelegate.swift; sourceTree = "<group>"; };
		B045AA951F9F8768005D8DA8 /* Base */ = {isa = PBXFileReference; lastKnownFileType = file.storyboard; name = Base; path = Base.lproj/Main.storyboard; sourceTree = "<group>"; };
		B045AA971F9F8768005D8DA8 /* Assets.xcassets */ = {isa = PBXFileReference; lastKnownFileType = folder.assetcatalog; path = Assets.xcassets; sourceTree = "<group>"; };
		B045AA9A1F9F8768005D8DA8 /* Base */ = {isa = PBXFileReference; lastKnownFileType = file.storyboard; name = Base; path = Base.lproj/LaunchScreen.storyboard; sourceTree = "<group>"; };
		B045AA9C1F9F8768005D8DA8 /* Info.plist */ = {isa = PBXFileReference; lastKnownFileType = text.plist.xml; path = Info.plist; sourceTree = "<group>"; };
		B045AAA11F9F8769005D8DA8 /* PropertyFinderTests.xctest */ = {isa = PBXFileReference; explicitFileType = wrapper.cfbundle; includeInIndex = 0; path = PropertyFinderTests.xctest; sourceTree = BUILT_PRODUCTS_DIR; };
		B045AAA51F9F8769005D8DA8 /* PropertyFinderTests.swift */ = {isa = PBXFileReference; lastKnownFileType = sourcecode.swift; path = PropertyFinderTests.swift; sourceTree = "<group>"; };
		B045AAA71F9F8769005D8DA8 /* Info.plist */ = {isa = PBXFileReference; lastKnownFileType = text.plist.xml; path = Info.plist; sourceTree = "<group>"; };
		B045AAC21F9F88AA005D8DA8 /* EnumCollection.swift */ = {isa = PBXFileReference; lastKnownFileType = sourcecode.swift; path = EnumCollection.swift; sourceTree = "<group>"; };
		B045AACA1F9F8A96005D8DA8 /* Property.swift */ = {isa = PBXFileReference; lastKnownFileType = sourcecode.swift; path = Property.swift; sourceTree = "<group>"; };
		B045AACD1F9F8ACF005D8DA8 /* Identifier.swift */ = {isa = PBXFileReference; lastKnownFileType = sourcecode.swift; path = Identifier.swift; sourceTree = "<group>"; };
		B045AACF1F9F8C00005D8DA8 /* Email.swift */ = {isa = PBXFileReference; lastKnownFileType = sourcecode.swift; path = Email.swift; sourceTree = "<group>"; };
		B045AAD11F9F8C1C005D8DA8 /* Currency.swift */ = {isa = PBXFileReference; lastKnownFileType = sourcecode.swift; path = Currency.swift; sourceTree = "<group>"; };
		B045AAD31F9F8C2A005D8DA8 /* Price.swift */ = {isa = PBXFileReference; lastKnownFileType = sourcecode.swift; path = Price.swift; sourceTree = "<group>"; };
		B045AAD51F9F8C3B005D8DA8 /* Broker.swift */ = {isa = PBXFileReference; lastKnownFileType = sourcecode.swift; path = Broker.swift; sourceTree = "<group>"; };
		B045AAD71F9F8C72005D8DA8 /* Amenities.swift */ = {isa = PBXFileReference; lastKnownFileType = sourcecode.swift; path = Amenities.swift; sourceTree = "<group>"; };
		B045AAD91F9F8E88005D8DA8 /* Location.swift */ = {isa = PBXFileReference; lastKnownFileType = sourcecode.swift; path = Location.swift; sourceTree = "<group>"; };
		B05DFA921F9FD0C200CDC704 /* URL+App.swift */ = {isa = PBXFileReference; lastKnownFileType = sourcecode.swift; path = "URL+App.swift"; sourceTree = "<group>"; };
		B05DFA941F9FD4F600CDC704 /* Property+Parsing.swift */ = {isa = PBXFileReference; lastKnownFileType = sourcecode.swift; path = "Property+Parsing.swift"; sourceTree = "<group>"; };
		B060FBC11F9FB6AB0085570B /* DisplaySearchResultsBehavior.swift */ = {isa = PBXFileReference; lastKnownFileType = sourcecode.swift; path = DisplaySearchResultsBehavior.swift; sourceTree = "<group>"; };
		B087534D1FA1E0C80018802B /* EmptyStateBehaviorDataSource.swift */ = {isa = PBXFileReference; lastKnownFileType = sourcecode.swift; path = EmptyStateBehaviorDataSource.swift; sourceTree = "<group>"; };
		B09B23EC1F9F90CC003A7053 /* Agent.swift */ = {isa = PBXFileReference; lastKnownFileType = sourcecode.swift; path = Agent.swift; sourceTree = "<group>"; };
		B09B23F71F9F94D3003A7053 /* Agent+Parsing.swift */ = {isa = PBXFileReference; lastKnownFileType = sourcecode.swift; path = "Agent+Parsing.swift"; sourceTree = "<group>"; };
		B09B23FC1F9F9885003A7053 /* JSONResponseKeys.swift */ = {isa = PBXFileReference; lastKnownFileType = sourcecode.swift; path = JSONResponseKeys.swift; sourceTree = "<group>"; };
		B09B23FE1F9F99D0003A7053 /* Broker+Parsing.swift */ = {isa = PBXFileReference; lastKnownFileType = sourcecode.swift; path = "Broker+Parsing.swift"; sourceTree = "<group>"; };
		B09B24001F9F9AB4003A7053 /* Location+Parsing.swift */ = {isa = PBXFileReference; lastKnownFileType = sourcecode.swift; path = "Location+Parsing.swift"; sourceTree = "<group>"; };
		B09B24031F9F9FBD003A7053 /* SortParameters.swift */ = {isa = PBXFileReference; lastKnownFileType = sourcecode.swift; path = SortParameters.swift; sourceTree = "<group>"; };
		B09B24051F9FA186003A7053 /* SearchResponse.swift */ = {isa = PBXFileReference; lastKnownFileType = sourcecode.swift; path = SearchResponse.swift; sourceTree = "<group>"; };
		B0C0E95A1FA5F9D50048D43E /* SearchingTableViewCell.swift */ = {isa = PBXFileReference; lastKnownFileType = sourcecode.swift; path = SearchingTableViewCell.swift; sourceTree = "<group>"; };
		B0C0E95C1FA61F9C0048D43E /* UITableView+SelfSizing.swift */ = {isa = PBXFileReference; lastKnownFileType = sourcecode.swift; path = "UITableView+SelfSizing.swift"; sourceTree = "<group>"; };
		B0D81E541FA0EBC50099DC4F /* SearchBehaviorDataSource.swift */ = {isa = PBXFileReference; lastKnownFileType = sourcecode.swift; path = SearchBehaviorDataSource.swift; sourceTree = "<group>"; };
		B0D81E561FA109700099DC4F /* PropertyTableViewCell.swift */ = {isa = PBXFileReference; lastKnownFileType = sourcecode.swift; path = PropertyTableViewCell.swift; sourceTree = "<group>"; };
		B0D81E5C1FA109BE0099DC4F /* ReusableView.swift */ = {isa = PBXFileReference; lastKnownFileType = sourcecode.swift; path = ReusableView.swift; sourceTree = "<group>"; };
		B0D81E5E1FA109FA0099DC4F /* PropertyViewModel.swift */ = {isa = PBXFileReference; lastKnownFileType = sourcecode.swift; path = PropertyViewModel.swift; sourceTree = "<group>"; };
		B0D81E641FA121900099DC4F /* UIImageView+Alamofire.swift */ = {isa = PBXFileReference; lastKnownFileType = sourcecode.swift; path = "UIImageView+Alamofire.swift"; sourceTree = "<group>"; };
		B0DCFBA41FA0884C00AE12C1 /* SortParameters+ViewModel.swift */ = {isa = PBXFileReference; lastKnownFileType = sourcecode.swift; path = "SortParameters+ViewModel.swift"; sourceTree = "<group>"; };
		B5606665071BAC84FA781091 /* Pods-PropertyFinder.release.xcconfig */ = {isa = PBXFileReference; includeInIndex = 1; lastKnownFileType = text.xcconfig; name = "Pods-PropertyFinder.release.xcconfig"; path = "Pods/Target Support Files/Pods-PropertyFinder/Pods-PropertyFinder.release.xcconfig"; sourceTree = "<group>"; };
		D4747236659F7D14C31C6C50 /* Pods-PropertyFinderTests.release.xcconfig */ = {isa = PBXFileReference; includeInIndex = 1; lastKnownFileType = text.xcconfig; name = "Pods-PropertyFinderTests.release.xcconfig"; path = "Pods/Target Support Files/Pods-PropertyFinderTests/Pods-PropertyFinderTests.release.xcconfig"; sourceTree = "<group>"; };
/* End PBXFileReference section */

/* Begin PBXFrameworksBuildPhase section */
		B045AA8A1F9F8768005D8DA8 /* Frameworks */ = {
			isa = PBXFrameworksBuildPhase;
			buildActionMask = 2147483647;
			files = (
				9615768FC59FDC363FFA4362 /* Pods_PropertyFinder.framework in Frameworks */,
			);
			runOnlyForDeploymentPostprocessing = 0;
		};
		B045AA9E1F9F8769005D8DA8 /* Frameworks */ = {
			isa = PBXFrameworksBuildPhase;
			buildActionMask = 2147483647;
			files = (
				78A5569F5C349DE9F6CEBFBA /* Pods_PropertyFinderTests.framework in Frameworks */,
			);
			runOnlyForDeploymentPostprocessing = 0;
		};
/* End PBXFrameworksBuildPhase section */

/* Begin PBXGroup section */
		5BBBEBA2B691F4FA8FC00A2A /* Pods */ = {
			isa = PBXGroup;
			children = (
				A6808941DBB9E321AB0707FF /* Pods-PropertyFinder.debug.xcconfig */,
				B5606665071BAC84FA781091 /* Pods-PropertyFinder.release.xcconfig */,
				9D9FF243BC27C7A35A976754 /* Pods-PropertyFinderTests.debug.xcconfig */,
				D4747236659F7D14C31C6C50 /* Pods-PropertyFinderTests.release.xcconfig */,
			);
			name = Pods;
			sourceTree = "<group>";
		};
		B045AA841F9F8768005D8DA8 = {
			isa = PBXGroup;
			children = (
				B045AA8F1F9F8768005D8DA8 /* PropertyFinder */,
				B045AAA41F9F8769005D8DA8 /* PropertyFinderTests */,
				B045AA8E1F9F8768005D8DA8 /* Products */,
				5BBBEBA2B691F4FA8FC00A2A /* Pods */,
				E2D8EADC01ADE9AF43099922 /* Frameworks */,
			);
			sourceTree = "<group>";
		};
		B045AA8E1F9F8768005D8DA8 /* Products */ = {
			isa = PBXGroup;
			children = (
				B045AA8D1F9F8768005D8DA8 /* PropertyFinder.app */,
				B045AAA11F9F8769005D8DA8 /* PropertyFinderTests.xctest */,
			);
			name = Products;
			sourceTree = "<group>";
		};
		B045AA8F1F9F8768005D8DA8 /* PropertyFinder */ = {
			isa = PBXGroup;
			children = (
				B09B23F21F9F9285003A7053 /* Classes */,
				B09B23EF1F9F9223003A7053 /* Storyboards */,
				B09B23F01F9F9235003A7053 /* Supporting Files */,
			);
			path = PropertyFinder;
			sourceTree = "<group>";
		};
		B045AAA41F9F8769005D8DA8 /* PropertyFinderTests */ = {
			isa = PBXGroup;
			children = (
				B045AAA51F9F8769005D8DA8 /* PropertyFinderTests.swift */,
				B045AAA71F9F8769005D8DA8 /* Info.plist */,
			);
			path = PropertyFinderTests;
			sourceTree = "<group>";
		};
		B045AAC41F9F88AE005D8DA8 /* Tools */ = {
			isa = PBXGroup;
			children = (
				B045AACF1F9F8C00005D8DA8 /* Email.swift */,
				B045AAC21F9F88AA005D8DA8 /* EnumCollection.swift */,
			);
			path = Tools;
			sourceTree = "<group>";
		};
		B045AACC1F9F8A9D005D8DA8 /* Model */ = {
			isa = PBXGroup;
			children = (
				B09B24021F9F9AEF003A7053 /* Parsing */,
				B09B23EC1F9F90CC003A7053 /* Agent.swift */,
				B045AAD71F9F8C72005D8DA8 /* Amenities.swift */,
				B045AAD51F9F8C3B005D8DA8 /* Broker.swift */,
				B045AAD11F9F8C1C005D8DA8 /* Currency.swift */,
				B045AACD1F9F8ACF005D8DA8 /* Identifier.swift */,
				B045AAD91F9F8E88005D8DA8 /* Location.swift */,
				B045AAD31F9F8C2A005D8DA8 /* Price.swift */,
				B045AACA1F9F8A96005D8DA8 /* Property.swift */,
				B09B24051F9FA186003A7053 /* SearchResponse.swift */,
			);
			path = Model;
			sourceTree = "<group>";
		};
		B060FBC01F9FB6980085570B /* Behaviors */ = {
			isa = PBXGroup;
			children = (
				B060FBC11F9FB6AB0085570B /* DisplaySearchResultsBehavior.swift */,
				B0D81E541FA0EBC50099DC4F /* SearchBehaviorDataSource.swift */,
				B087534D1FA1E0C80018802B /* EmptyStateBehaviorDataSource.swift */,
			);
			path = Behaviors;
			sourceTree = "<group>";
		};
		B09B23EF1F9F9223003A7053 /* Storyboards */ = {
			isa = PBXGroup;
			children = (
				B045AA991F9F8768005D8DA8 /* LaunchScreen.storyboard */,
				B045AA941F9F8768005D8DA8 /* Main.storyboard */,
			);
			name = Storyboards;
			sourceTree = "<group>";
		};
		B09B23F01F9F9235003A7053 /* Supporting Files */ = {
			isa = PBXGroup;
			children = (
				B045AA9C1F9F8768005D8DA8 /* Info.plist */,
				B045AA971F9F8768005D8DA8 /* Assets.xcassets */,
			);
			name = "Supporting Files";
			sourceTree = "<group>";
		};
		B09B23F11F9F9279003A7053 /* Application */ = {
			isa = PBXGroup;
			children = (
				B045AA901F9F8768005D8DA8 /* AppDelegate.swift */,
			);
			path = Application;
			sourceTree = "<group>";
		};
		B09B23F21F9F9285003A7053 /* Classes */ = {
			isa = PBXGroup;
			children = (
				B09B23F11F9F9279003A7053 /* Application */,
				B060FBC01F9FB6980085570B /* Behaviors */,
				B045AACC1F9F8A9D005D8DA8 /* Model */,
				B09B23FB1F9F9863003A7053 /* Service */,
				B045AAC41F9F88AE005D8DA8 /* Tools */,
				B0DCFBA31FA0883100AE12C1 /* ViewModels */,
				B0E8ACD21FA0799F0049773E /* Views */,
			);
			path = Classes;
			sourceTree = "<group>";
		};
		B09B23FB1F9F9863003A7053 /* Service */ = {
			isa = PBXGroup;
			children = (
				B09B23FC1F9F9885003A7053 /* JSONResponseKeys.swift */,
				B09B24031F9F9FBD003A7053 /* SortParameters.swift */,
				B05DFA921F9FD0C200CDC704 /* URL+App.swift */,
			);
			path = Service;
			sourceTree = "<group>";
		};
		B09B24021F9F9AEF003A7053 /* Parsing */ = {
			isa = PBXGroup;
			children = (
				B09B23F71F9F94D3003A7053 /* Agent+Parsing.swift */,
				B09B23FE1F9F99D0003A7053 /* Broker+Parsing.swift */,
				B09B24001F9F9AB4003A7053 /* Location+Parsing.swift */,
				B00B06FB1F9FB0F9004B8E37 /* Price+Parsing.swift */,
				B02A32591F9FA4A600FD37D3 /* SearchResponse+Parsing.swift */,
				B05DFA941F9FD4F600CDC704 /* Property+Parsing.swift */,
			);
			path = Parsing;
			sourceTree = "<group>";
		};
		B0DCFBA31FA0883100AE12C1 /* ViewModels */ = {
			isa = PBXGroup;
			children = (
				B0DCFBA41FA0884C00AE12C1 /* SortParameters+ViewModel.swift */,
				B0D81E5E1FA109FA0099DC4F /* PropertyViewModel.swift */,
			);
			path = ViewModels;
			sourceTree = "<group>";
		};
		B0E8ACD21FA0799F0049773E /* Views */ = {
			isa = PBXGroup;
			children = (
				B0D81E641FA121900099DC4F /* UIImageView+Alamofire.swift */,
				B0D81E561FA109700099DC4F /* PropertyTableViewCell.swift */,
				B0D81E5C1FA109BE0099DC4F /* ReusableView.swift */,
				B0C0E95A1FA5F9D50048D43E /* SearchingTableViewCell.swift */,
				B0C0E95C1FA61F9C0048D43E /* UITableView+SelfSizing.swift */,
			);
			path = Views;
			sourceTree = "<group>";
		};
		E2D8EADC01ADE9AF43099922 /* Frameworks */ = {
			isa = PBXGroup;
			children = (
				A12B47253CA7EC5743386F16 /* Pods_PropertyFinder.framework */,
				1D6E455483AB955B78F4BA56 /* Pods_PropertyFinderTests.framework */,
			);
			name = Frameworks;
			sourceTree = "<group>";
		};
/* End PBXGroup section */

/* Begin PBXNativeTarget section */
		B045AA8C1F9F8768005D8DA8 /* PropertyFinder */ = {
			isa = PBXNativeTarget;
			buildConfigurationList = B045AAAA1F9F8769005D8DA8 /* Build configuration list for PBXNativeTarget "PropertyFinder" */;
			buildPhases = (
				3A3FABDC6EEF1CC5F333AECC /* [CP] Check Pods Manifest.lock */,
				B045AA891F9F8768005D8DA8 /* Sources */,
				B045AA8A1F9F8768005D8DA8 /* Frameworks */,
				B045AA8B1F9F8768005D8DA8 /* Resources */,
				0D1A03297A232141AEB907C5 /* [CP] Embed Pods Frameworks */,
				A4140616573F83ABAC6CF964 /* [CP] Copy Pods Resources */,
			);
			buildRules = (
			);
			dependencies = (
			);
			name = PropertyFinder;
			productName = PropertyFinder;
			productReference = B045AA8D1F9F8768005D8DA8 /* PropertyFinder.app */;
			productType = "com.apple.product-type.application";
		};
		B045AAA01F9F8769005D8DA8 /* PropertyFinderTests */ = {
			isa = PBXNativeTarget;
			buildConfigurationList = B045AAAD1F9F8769005D8DA8 /* Build configuration list for PBXNativeTarget "PropertyFinderTests" */;
			buildPhases = (
				7EED1937B46E74BC365155BA /* [CP] Check Pods Manifest.lock */,
				B045AA9D1F9F8769005D8DA8 /* Sources */,
				B045AA9E1F9F8769005D8DA8 /* Frameworks */,
				B045AA9F1F9F8769005D8DA8 /* Resources */,
				6CDC4120AA9FEE32A194ECE2 /* [CP] Embed Pods Frameworks */,
				A43F0F98E63F1CBB7EF1D5F1 /* [CP] Copy Pods Resources */,
			);
			buildRules = (
			);
			dependencies = (
				B045AAA31F9F8769005D8DA8 /* PBXTargetDependency */,
			);
			name = PropertyFinderTests;
			productName = PropertyFinderTests;
			productReference = B045AAA11F9F8769005D8DA8 /* PropertyFinderTests.xctest */;
			productType = "com.apple.product-type.bundle.unit-test";
		};
/* End PBXNativeTarget section */

/* Begin PBXProject section */
		B045AA851F9F8768005D8DA8 /* Project object */ = {
			isa = PBXProject;
			attributes = {
				LastSwiftUpdateCheck = 0900;
				LastUpgradeCheck = 0900;
				ORGANIZATIONNAME = Apokrupto;
				TargetAttributes = {
					B045AA8C1F9F8768005D8DA8 = {
						CreatedOnToolsVersion = 9.0;
						ProvisioningStyle = Automatic;
					};
					B045AAA01F9F8769005D8DA8 = {
						CreatedOnToolsVersion = 9.0;
						ProvisioningStyle = Automatic;
						TestTargetID = B045AA8C1F9F8768005D8DA8;
					};
				};
			};
			buildConfigurationList = B045AA881F9F8768005D8DA8 /* Build configuration list for PBXProject "PropertyFinder" */;
			compatibilityVersion = "Xcode 8.0";
			developmentRegion = en;
			hasScannedForEncodings = 0;
			knownRegions = (
				en,
				Base,
			);
			mainGroup = B045AA841F9F8768005D8DA8;
			productRefGroup = B045AA8E1F9F8768005D8DA8 /* Products */;
			projectDirPath = "";
			projectRoot = "";
			targets = (
				B045AA8C1F9F8768005D8DA8 /* PropertyFinder */,
				B045AAA01F9F8769005D8DA8 /* PropertyFinderTests */,
			);
		};
/* End PBXProject section */

/* Begin PBXResourcesBuildPhase section */
		B045AA8B1F9F8768005D8DA8 /* Resources */ = {
			isa = PBXResourcesBuildPhase;
			buildActionMask = 2147483647;
			files = (
				B045AA9B1F9F8768005D8DA8 /* LaunchScreen.storyboard in Resources */,
				B045AA981F9F8768005D8DA8 /* Assets.xcassets in Resources */,
				B045AA961F9F8768005D8DA8 /* Main.storyboard in Resources */,
			);
			runOnlyForDeploymentPostprocessing = 0;
		};
		B045AA9F1F9F8769005D8DA8 /* Resources */ = {
			isa = PBXResourcesBuildPhase;
			buildActionMask = 2147483647;
			files = (
			);
			runOnlyForDeploymentPostprocessing = 0;
		};
/* End PBXResourcesBuildPhase section */

/* Begin PBXShellScriptBuildPhase section */
		0D1A03297A232141AEB907C5 /* [CP] Embed Pods Frameworks */ = {
			isa = PBXShellScriptBuildPhase;
			buildActionMask = 2147483647;
			files = (
			);
			inputPaths = (
			);
			name = "[CP] Embed Pods Frameworks";
			outputPaths = (
			);
			runOnlyForDeploymentPostprocessing = 0;
			shellPath = /bin/sh;
			shellScript = "\"${SRCROOT}/Pods/Target Support Files/Pods-PropertyFinder/Pods-PropertyFinder-frameworks.sh\"\n";
			showEnvVarsInLog = 0;
		};
		3A3FABDC6EEF1CC5F333AECC /* [CP] Check Pods Manifest.lock */ = {
			isa = PBXShellScriptBuildPhase;
			buildActionMask = 2147483647;
			files = (
			);
			inputPaths = (
			);
			name = "[CP] Check Pods Manifest.lock";
			outputPaths = (
			);
			runOnlyForDeploymentPostprocessing = 0;
			shellPath = /bin/sh;
			shellScript = "diff \"${PODS_ROOT}/../Podfile.lock\" \"${PODS_ROOT}/Manifest.lock\" > /dev/null\nif [ $? != 0 ] ; then\n    # print error to STDERR\n    echo \"error: The sandbox is not in sync with the Podfile.lock. Run 'pod install' or update your CocoaPods installation.\" >&2\n    exit 1\nfi\n";
			showEnvVarsInLog = 0;
		};
		6CDC4120AA9FEE32A194ECE2 /* [CP] Embed Pods Frameworks */ = {
			isa = PBXShellScriptBuildPhase;
			buildActionMask = 2147483647;
			files = (
			);
			inputPaths = (
			);
			name = "[CP] Embed Pods Frameworks";
			outputPaths = (
			);
			runOnlyForDeploymentPostprocessing = 0;
			shellPath = /bin/sh;
			shellScript = "\"${SRCROOT}/Pods/Target Support Files/Pods-PropertyFinderTests/Pods-PropertyFinderTests-frameworks.sh\"\n";
			showEnvVarsInLog = 0;
		};
		7EED1937B46E74BC365155BA /* [CP] Check Pods Manifest.lock */ = {
			isa = PBXShellScriptBuildPhase;
			buildActionMask = 2147483647;
			files = (
			);
			inputPaths = (
			);
			name = "[CP] Check Pods Manifest.lock";
			outputPaths = (
			);
			runOnlyForDeploymentPostprocessing = 0;
			shellPath = /bin/sh;
			shellScript = "diff \"${PODS_ROOT}/../Podfile.lock\" \"${PODS_ROOT}/Manifest.lock\" > /dev/null\nif [ $? != 0 ] ; then\n    # print error to STDERR\n    echo \"error: The sandbox is not in sync with the Podfile.lock. Run 'pod install' or update your CocoaPods installation.\" >&2\n    exit 1\nfi\n";
			showEnvVarsInLog = 0;
		};
		A4140616573F83ABAC6CF964 /* [CP] Copy Pods Resources */ = {
			isa = PBXShellScriptBuildPhase;
			buildActionMask = 2147483647;
			files = (
			);
			inputPaths = (
			);
			name = "[CP] Copy Pods Resources";
			outputPaths = (
			);
			runOnlyForDeploymentPostprocessing = 0;
			shellPath = /bin/sh;
			shellScript = "\"${SRCROOT}/Pods/Target Support Files/Pods-PropertyFinder/Pods-PropertyFinder-resources.sh\"\n";
			showEnvVarsInLog = 0;
		};
		A43F0F98E63F1CBB7EF1D5F1 /* [CP] Copy Pods Resources */ = {
			isa = PBXShellScriptBuildPhase;
			buildActionMask = 2147483647;
			files = (
			);
			inputPaths = (
			);
			name = "[CP] Copy Pods Resources";
			outputPaths = (
			);
			runOnlyForDeploymentPostprocessing = 0;
			shellPath = /bin/sh;
			shellScript = "\"${SRCROOT}/Pods/Target Support Files/Pods-PropertyFinderTests/Pods-PropertyFinderTests-resources.sh\"\n";
			showEnvVarsInLog = 0;
		};
/* End PBXShellScriptBuildPhase section */

/* Begin PBXSourcesBuildPhase section */
		B045AA891F9F8768005D8DA8 /* Sources */ = {
			isa = PBXSourcesBuildPhase;
			buildActionMask = 2147483647;
			files = (
				B0D81E5D1FA109BE0099DC4F /* ReusableView.swift in Sources */,
				B09B23ED1F9F90CC003A7053 /* Agent.swift in Sources */,
				B09B23FF1F9F99D0003A7053 /* Broker+Parsing.swift in Sources */,
				B0D81E571FA109700099DC4F /* PropertyTableViewCell.swift in Sources */,
				B09B24041F9F9FBD003A7053 /* SortParameters.swift in Sources */,
				B045AADA1F9F8E88005D8DA8 /* Location.swift in Sources */,
				B09B23FD1F9F9885003A7053 /* JSONResponseKeys.swift in Sources */,
				B0C0E95D1FA61F9C0048D43E /* UITableView+SelfSizing.swift in Sources */,
				B00B06FC1F9FB0F9004B8E37 /* Price+Parsing.swift in Sources */,
				B09B24061F9FA186003A7053 /* SearchResponse.swift in Sources */,
				B045AAD21F9F8C1C005D8DA8 /* Currency.swift in Sources */,
				B045AAD41F9F8C2A005D8DA8 /* Price.swift in Sources */,
				B0D81E651FA121900099DC4F /* UIImageView+Alamofire.swift in Sources */,
				B045AACB1F9F8A96005D8DA8 /* Property.swift in Sources */,
				B09B23F81F9F94D3003A7053 /* Agent+Parsing.swift in Sources */,
				B0C0E95B1FA5F9D50048D43E /* SearchingTableViewCell.swift in Sources */,
				B09B24011F9F9AB4003A7053 /* Location+Parsing.swift in Sources */,
				B0D81E5F1FA109FA0099DC4F /* PropertyViewModel.swift in Sources */,
				B087534E1FA1E0C80018802B /* EmptyStateBehaviorDataSource.swift in Sources */,
				B045AAD81F9F8C72005D8DA8 /* Amenities.swift in Sources */,
				B0D81E551FA0EBC50099DC4F /* SearchBehaviorDataSource.swift in Sources */,
				B05DFA951F9FD4F600CDC704 /* Property+Parsing.swift in Sources */,
				B045AACE1F9F8ACF005D8DA8 /* Identifier.swift in Sources */,
				B045AAD01F9F8C00005D8DA8 /* Email.swift in Sources */,
				B02A325A1F9FA4A600FD37D3 /* SearchResponse+Parsing.swift in Sources */,
				B045AAC31F9F88AB005D8DA8 /* EnumCollection.swift in Sources */,
				B045AA911F9F8768005D8DA8 /* AppDelegate.swift in Sources */,
				B0DCFBA51FA0884C00AE12C1 /* SortParameters+ViewModel.swift in Sources */,
				B060FBC21F9FB6AB0085570B /* DisplaySearchResultsBehavior.swift in Sources */,
				B045AAD61F9F8C3B005D8DA8 /* Broker.swift in Sources */,
				B05DFA931F9FD0C200CDC704 /* URL+App.swift in Sources */,
			);
			runOnlyForDeploymentPostprocessing = 0;
		};
		B045AA9D1F9F8769005D8DA8 /* Sources */ = {
			isa = PBXSourcesBuildPhase;
			buildActionMask = 2147483647;
			files = (
				B045AAA61F9F8769005D8DA8 /* PropertyFinderTests.swift in Sources */,
			);
			runOnlyForDeploymentPostprocessing = 0;
		};
/* End PBXSourcesBuildPhase section */

/* Begin PBXTargetDependency section */
		B045AAA31F9F8769005D8DA8 /* PBXTargetDependency */ = {
			isa = PBXTargetDependency;
			target = B045AA8C1F9F8768005D8DA8 /* PropertyFinder */;
			targetProxy = B045AAA21F9F8769005D8DA8 /* PBXContainerItemProxy */;
		};
/* End PBXTargetDependency section */

/* Begin PBXVariantGroup section */
		B045AA941F9F8768005D8DA8 /* Main.storyboard */ = {
			isa = PBXVariantGroup;
			children = (
				B045AA951F9F8768005D8DA8 /* Base */,
			);
			name = Main.storyboard;
			sourceTree = "<group>";
		};
		B045AA991F9F8768005D8DA8 /* LaunchScreen.storyboard */ = {
			isa = PBXVariantGroup;
			children = (
				B045AA9A1F9F8768005D8DA8 /* Base */,
			);
			name = LaunchScreen.storyboard;
			sourceTree = "<group>";
		};
/* End PBXVariantGroup section */

/* Begin XCBuildConfiguration section */
		B045AAA81F9F8769005D8DA8 /* Debug */ = {
			isa = XCBuildConfiguration;
			buildSettings = {
				ALWAYS_SEARCH_USER_PATHS = NO;
				CLANG_ANALYZER_NONNULL = YES;
				CLANG_ANALYZER_NUMBER_OBJECT_CONVERSION = YES_AGGRESSIVE;
				CLANG_CXX_LANGUAGE_STANDARD = "gnu++14";
				CLANG_CXX_LIBRARY = "libc++";
				CLANG_ENABLE_MODULES = YES;
				CLANG_ENABLE_OBJC_ARC = YES;
				CLANG_WARN_BLOCK_CAPTURE_AUTORELEASING = YES;
				CLANG_WARN_BOOL_CONVERSION = YES;
				CLANG_WARN_COMMA = YES;
				CLANG_WARN_CONSTANT_CONVERSION = YES;
				CLANG_WARN_DIRECT_OBJC_ISA_USAGE = YES_ERROR;
				CLANG_WARN_DOCUMENTATION_COMMENTS = YES;
				CLANG_WARN_EMPTY_BODY = YES;
				CLANG_WARN_ENUM_CONVERSION = YES;
				CLANG_WARN_INFINITE_RECURSION = YES;
				CLANG_WARN_INT_CONVERSION = YES;
				CLANG_WARN_NON_LITERAL_NULL_CONVERSION = YES;
				CLANG_WARN_OBJC_LITERAL_CONVERSION = YES;
				CLANG_WARN_OBJC_ROOT_CLASS = YES_ERROR;
				CLANG_WARN_RANGE_LOOP_ANALYSIS = YES;
				CLANG_WARN_STRICT_PROTOTYPES = YES;
				CLANG_WARN_SUSPICIOUS_MOVE = YES;
				CLANG_WARN_UNGUARDED_AVAILABILITY = YES_AGGRESSIVE;
				CLANG_WARN_UNREACHABLE_CODE = YES;
				CLANG_WARN__DUPLICATE_METHOD_MATCH = YES;
				CODE_SIGN_IDENTITY = "iPhone Developer";
				COPY_PHASE_STRIP = NO;
				DEBUG_INFORMATION_FORMAT = dwarf;
				ENABLE_STRICT_OBJC_MSGSEND = YES;
				ENABLE_TESTABILITY = YES;
				GCC_C_LANGUAGE_STANDARD = gnu11;
				GCC_DYNAMIC_NO_PIC = NO;
				GCC_NO_COMMON_BLOCKS = YES;
				GCC_OPTIMIZATION_LEVEL = 0;
				GCC_PREPROCESSOR_DEFINITIONS = (
					"DEBUG=1",
					"$(inherited)",
				);
				GCC_WARN_64_TO_32_BIT_CONVERSION = YES;
				GCC_WARN_ABOUT_RETURN_TYPE = YES_ERROR;
				GCC_WARN_UNDECLARED_SELECTOR = YES;
				GCC_WARN_UNINITIALIZED_AUTOS = YES_AGGRESSIVE;
				GCC_WARN_UNUSED_FUNCTION = YES;
				GCC_WARN_UNUSED_VARIABLE = YES;
				IPHONEOS_DEPLOYMENT_TARGET = 11.0;
				MTL_ENABLE_DEBUG_INFO = YES;
				ONLY_ACTIVE_ARCH = YES;
				SDKROOT = iphoneos;
				SWIFT_ACTIVE_COMPILATION_CONDITIONS = DEBUG;
				SWIFT_OPTIMIZATION_LEVEL = "-Onone";
			};
			name = Debug;
		};
		B045AAA91F9F8769005D8DA8 /* Release */ = {
			isa = XCBuildConfiguration;
			buildSettings = {
				ALWAYS_SEARCH_USER_PATHS = NO;
				CLANG_ANALYZER_NONNULL = YES;
				CLANG_ANALYZER_NUMBER_OBJECT_CONVERSION = YES_AGGRESSIVE;
				CLANG_CXX_LANGUAGE_STANDARD = "gnu++14";
				CLANG_CXX_LIBRARY = "libc++";
				CLANG_ENABLE_MODULES = YES;
				CLANG_ENABLE_OBJC_ARC = YES;
				CLANG_WARN_BLOCK_CAPTURE_AUTORELEASING = YES;
				CLANG_WARN_BOOL_CONVERSION = YES;
				CLANG_WARN_COMMA = YES;
				CLANG_WARN_CONSTANT_CONVERSION = YES;
				CLANG_WARN_DIRECT_OBJC_ISA_USAGE = YES_ERROR;
				CLANG_WARN_DOCUMENTATION_COMMENTS = YES;
				CLANG_WARN_EMPTY_BODY = YES;
				CLANG_WARN_ENUM_CONVERSION = YES;
				CLANG_WARN_INFINITE_RECURSION = YES;
				CLANG_WARN_INT_CONVERSION = YES;
				CLANG_WARN_NON_LITERAL_NULL_CONVERSION = YES;
				CLANG_WARN_OBJC_LITERAL_CONVERSION = YES;
				CLANG_WARN_OBJC_ROOT_CLASS = YES_ERROR;
				CLANG_WARN_RANGE_LOOP_ANALYSIS = YES;
				CLANG_WARN_STRICT_PROTOTYPES = YES;
				CLANG_WARN_SUSPICIOUS_MOVE = YES;
				CLANG_WARN_UNGUARDED_AVAILABILITY = YES_AGGRESSIVE;
				CLANG_WARN_UNREACHABLE_CODE = YES;
				CLANG_WARN__DUPLICATE_METHOD_MATCH = YES;
				CODE_SIGN_IDENTITY = "iPhone Developer";
				COPY_PHASE_STRIP = NO;
				DEBUG_INFORMATION_FORMAT = "dwarf-with-dsym";
				ENABLE_NS_ASSERTIONS = NO;
				ENABLE_STRICT_OBJC_MSGSEND = YES;
				GCC_C_LANGUAGE_STANDARD = gnu11;
				GCC_NO_COMMON_BLOCKS = YES;
				GCC_WARN_64_TO_32_BIT_CONVERSION = YES;
				GCC_WARN_ABOUT_RETURN_TYPE = YES_ERROR;
				GCC_WARN_UNDECLARED_SELECTOR = YES;
				GCC_WARN_UNINITIALIZED_AUTOS = YES_AGGRESSIVE;
				GCC_WARN_UNUSED_FUNCTION = YES;
				GCC_WARN_UNUSED_VARIABLE = YES;
				IPHONEOS_DEPLOYMENT_TARGET = 11.0;
				MTL_ENABLE_DEBUG_INFO = NO;
				SDKROOT = iphoneos;
				SWIFT_OPTIMIZATION_LEVEL = "-Owholemodule";
				VALIDATE_PRODUCT = YES;
			};
			name = Release;
		};
		B045AAAB1F9F8769005D8DA8 /* Debug */ = {
			isa = XCBuildConfiguration;
			baseConfigurationReference = A6808941DBB9E321AB0707FF /* Pods-PropertyFinder.debug.xcconfig */;
			buildSettings = {
				ASSETCATALOG_COMPILER_APPICON_NAME = AppIcon;
				CODE_SIGN_STYLE = Automatic;
				DEVELOPMENT_TEAM = 8PKALBM6Q4;
				INFOPLIST_FILE = PropertyFinder/Info.plist;
				LD_RUNPATH_SEARCH_PATHS = "$(inherited) @executable_path/Frameworks";
				PRODUCT_BUNDLE_IDENTIFIER = com.apokrupto.PropertyFinder;
				PRODUCT_NAME = "$(TARGET_NAME)";
				SWIFT_VERSION = 4.0;
				TARGETED_DEVICE_FAMILY = "1,2";
			};
			name = Debug;
		};
		B045AAAC1F9F8769005D8DA8 /* Release */ = {
			isa = XCBuildConfiguration;
			baseConfigurationReference = B5606665071BAC84FA781091 /* Pods-PropertyFinder.release.xcconfig */;
			buildSettings = {
				ASSETCATALOG_COMPILER_APPICON_NAME = AppIcon;
				CODE_SIGN_STYLE = Automatic;
				DEVELOPMENT_TEAM = 8PKALBM6Q4;
				INFOPLIST_FILE = PropertyFinder/Info.plist;
				LD_RUNPATH_SEARCH_PATHS = "$(inherited) @executable_path/Frameworks";
				PRODUCT_BUNDLE_IDENTIFIER = com.apokrupto.PropertyFinder;
				PRODUCT_NAME = "$(TARGET_NAME)";
				SWIFT_VERSION = 4.0;
				TARGETED_DEVICE_FAMILY = "1,2";
			};
			name = Release;
		};
		B045AAAE1F9F8769005D8DA8 /* Debug */ = {
			isa = XCBuildConfiguration;
			baseConfigurationReference = 9D9FF243BC27C7A35A976754 /* Pods-PropertyFinderTests.debug.xcconfig */;
			buildSettings = {
				ALWAYS_EMBED_SWIFT_STANDARD_LIBRARIES = YES;
				BUNDLE_LOADER = "$(TEST_HOST)";
				CODE_SIGN_STYLE = Automatic;
				DEVELOPMENT_TEAM = 8PKALBM6Q4;
				INFOPLIST_FILE = PropertyFinderTests/Info.plist;
				LD_RUNPATH_SEARCH_PATHS = "$(inherited) @executable_path/Frameworks @loader_path/Frameworks";
				PRODUCT_BUNDLE_IDENTIFIER = com.apokrupto.PropertyFinderTests;
				PRODUCT_NAME = "$(TARGET_NAME)";
				SWIFT_VERSION = 4.0;
				TARGETED_DEVICE_FAMILY = "1,2";
				TEST_HOST = "$(BUILT_PRODUCTS_DIR)/PropertyFinder.app/PropertyFinder";
			};
			name = Debug;
		};
		B045AAAF1F9F8769005D8DA8 /* Release */ = {
			isa = XCBuildConfiguration;
			baseConfigurationReference = D4747236659F7D14C31C6C50 /* Pods-PropertyFinderTests.release.xcconfig */;
			buildSettings = {
				ALWAYS_EMBED_SWIFT_STANDARD_LIBRARIES = YES;
				BUNDLE_LOADER = "$(TEST_HOST)";
				CODE_SIGN_STYLE = Automatic;
				DEVELOPMENT_TEAM = 8PKALBM6Q4;
				INFOPLIST_FILE = PropertyFinderTests/Info.plist;
				LD_RUNPATH_SEARCH_PATHS = "$(inherited) @executable_path/Frameworks @loader_path/Frameworks";
				PRODUCT_BUNDLE_IDENTIFIER = com.apokrupto.PropertyFinderTests;
				PRODUCT_NAME = "$(TARGET_NAME)";
				SWIFT_VERSION = 4.0;
				TARGETED_DEVICE_FAMILY = "1,2";
				TEST_HOST = "$(BUILT_PRODUCTS_DIR)/PropertyFinder.app/PropertyFinder";
			};
			name = Release;
		};
/* End XCBuildConfiguration section */

/* Begin XCConfigurationList section */
		B045AA881F9F8768005D8DA8 /* Build configuration list for PBXProject "PropertyFinder" */ = {
			isa = XCConfigurationList;
			buildConfigurations = (
				B045AAA81F9F8769005D8DA8 /* Debug */,
				B045AAA91F9F8769005D8DA8 /* Release */,
			);
			defaultConfigurationIsVisible = 0;
			defaultConfigurationName = Release;
		};
		B045AAAA1F9F8769005D8DA8 /* Build configuration list for PBXNativeTarget "PropertyFinder" */ = {
			isa = XCConfigurationList;
			buildConfigurations = (
				B045AAAB1F9F8769005D8DA8 /* Debug */,
				B045AAAC1F9F8769005D8DA8 /* Release */,
			);
			defaultConfigurationIsVisible = 0;
			defaultConfigurationName = Release;
		};
		B045AAAD1F9F8769005D8DA8 /* Build configuration list for PBXNativeTarget "PropertyFinderTests" */ = {
			isa = XCConfigurationList;
			buildConfigurations = (
				B045AAAE1F9F8769005D8DA8 /* Debug */,
				B045AAAF1F9F8769005D8DA8 /* Release */,
			);
			defaultConfigurationIsVisible = 0;
			defaultConfigurationName = Release;
		};
/* End XCConfigurationList section */
	};
	rootObject = B045AA851F9F8768005D8DA8 /* Project object */;
}
